Microsoft Visual Studio Solution File, Format Version 12.00
# Visual Studio Version 17
VisualStudioVersion = 17.5.2.0
MinimumVisualStudioVersion = 10.0.40219.1
Project("{FAE04EC0-301F-11D3-BF4B-00C04F79EFBC}") = "FacilitiesManagementAPI", "FacilitiesManagementAPI\FacilitiesManagementAPI.csproj", "{EF79B67A-6FFF-D900-14A1-6D60D045911A}"
EndProject
Global
	GlobalSection(SolutionConfigurationPlatforms) = preSolution
		Debug|Any CPU = Debug|Any CPU
		Release|Any CPU = Release|Any CPU
	EndGlobalSection
	GlobalSection(ProjectConfigurationPlatforms) = postSolution
		{EF79B67A-6FFF-D900-14A1-6D60D045911A}.Debug|Any CPU.ActiveCfg = Debug|Any CPU
		{EF79B67A-6FFF-D900-14A1-6D60D045911A}.Debug|Any CPU.Build.0 = Debug|Any CPU
		{EF79B67A-6FFF-D900-14A1-6D60D045911A}.Release|Any CPU.ActiveCfg = Release|Any CPU
		{EF79B67A-6FFF-D900-14A1-6D60D045911A}.Release|Any CPU.Build.0 = Release|Any CPU
	EndGlobalSection
	GlobalSection(SolutionProperties) = preSolution
		HideSolutionNode = FALSE
	EndGlobalSection
	GlobalSection(ExtensibilityGlobals) = postSolution
		SolutionGuid = {7FB2001A-2910-4CB5-B04B-3343D3FF1529}
	EndGlobalSection
EndGlobal
